// !$*UTF8*$!
{
	archiveVersion = 1;
	classes = {
	};
	objectVersion = 50;
	objects = {

/* Begin PBXBuildFile section */
		9953F67425CC71FC00650505 /* PeacockCoreVideoSDKCodingChallengeApp.swift in Sources */ = {isa = PBXBuildFile; fileRef = 9953F67325CC71FC00650505 /* PeacockCoreVideoSDKCodingChallengeApp.swift */; };
		9953F67625CC71FC00650505 /* ContentView.swift in Sources */ = {isa = PBXBuildFile; fileRef = 9953F67525CC71FC00650505 /* ContentView.swift */; };
		9953F67825CC71FD00650505 /* Assets.xcassets in Resources */ = {isa = PBXBuildFile; fileRef = 9953F67725CC71FD00650505 /* Assets.xcassets */; };
		9953F67B25CC71FD00650505 /* Preview Assets.xcassets in Resources */ = {isa = PBXBuildFile; fileRef = 9953F67A25CC71FD00650505 /* Preview Assets.xcassets */; };
		9953F68625CC71FD00650505 /* PeacockCoreVideoSDKCodingChallengeTests.swift in Sources */ = {isa = PBXBuildFile; fileRef = 9953F68525CC71FD00650505 /* PeacockCoreVideoSDKCodingChallengeTests.swift */; };
		9953F69125CC71FD00650505 /* PeacockCoreVideoSDKCodingChallengeUITests.swift in Sources */ = {isa = PBXBuildFile; fileRef = 9953F69025CC71FD00650505 /* PeacockCoreVideoSDKCodingChallengeUITests.swift */; };
/* End PBXBuildFile section */

/* Begin PBXContainerItemProxy section */
		9953F68225CC71FD00650505 /* PBXContainerItemProxy */ = {
			isa = PBXContainerItemProxy;
			containerPortal = 9953F66825CC71FC00650505 /* Project object */;
			proxyType = 1;
			remoteGlobalIDString = 9953F66F25CC71FC00650505;
			remoteInfo = PeacockCoreVideoSDKCodingChallenge;
		};
		9953F68D25CC71FD00650505 /* PBXContainerItemProxy */ = {
			isa = PBXContainerItemProxy;
			containerPortal = 9953F66825CC71FC00650505 /* Project object */;
			proxyType = 1;
			remoteGlobalIDString = 9953F66F25CC71FC00650505;
			remoteInfo = PeacockCoreVideoSDKCodingChallenge;
		};
/* End PBXContainerItemProxy section */

/* Begin PBXFileReference section */
		9953F67025CC71FC00650505 /* PeacockCoreVideoSDKCodingChallenge.app */ = {isa = PBXFileReference; explicitFileType = wrapper.application; includeInIndex = 0; path = PeacockCoreVideoSDKCodingChallenge.app; sourceTree = BUILT_PRODUCTS_DIR; };
		9953F67325CC71FC00650505 /* PeacockCoreVideoSDKCodingChallengeApp.swift */ = {isa = PBXFileReference; lastKnownFileType = sourcecode.swift; path = PeacockCoreVideoSDKCodingChallengeApp.swift; sourceTree = "<group>"; };
		9953F67525CC71FC00650505 /* ContentView.swift */ = {isa = PBXFileReference; lastKnownFileType = sourcecode.swift; path = ContentView.swift; sourceTree = "<group>"; };
		9953F67725CC71FD00650505 /* Assets.xcassets */ = {isa = PBXFileReference; lastKnownFileType = folder.assetcatalog; path = Assets.xcassets; sourceTree = "<group>"; };
		9953F67A25CC71FD00650505 /* Preview Assets.xcassets */ = {isa = PBXFileReference; lastKnownFileType = folder.assetcatalog; path = "Preview Assets.xcassets"; sourceTree = "<group>"; };
		9953F67C25CC71FD00650505 /* Info.plist */ = {isa = PBXFileReference; lastKnownFileType = text.plist.xml; path = Info.plist; sourceTree = "<group>"; };
		9953F68125CC71FD00650505 /* PeacockCoreVideoSDKCodingChallengeTests.xctest */ = {isa = PBXFileReference; explicitFileType = wrapper.cfbundle; includeInIndex = 0; path = PeacockCoreVideoSDKCodingChallengeTests.xctest; sourceTree = BUILT_PRODUCTS_DIR; };
		9953F68525CC71FD00650505 /* PeacockCoreVideoSDKCodingChallengeTests.swift */ = {isa = PBXFileReference; lastKnownFileType = sourcecode.swift; path = PeacockCoreVideoSDKCodingChallengeTests.swift; sourceTree = "<group>"; };
		9953F68725CC71FD00650505 /* Info.plist */ = {isa = PBXFileReference; lastKnownFileType = text.plist.xml; path = Info.plist; sourceTree = "<group>"; };
		9953F68C25CC71FD00650505 /* PeacockCoreVideoSDKCodingChallengeUITests.xctest */ = {isa = PBXFileReference; explicitFileType = wrapper.cfbundle; includeInIndex = 0; path = PeacockCoreVideoSDKCodingChallengeUITests.xctest; sourceTree = BUILT_PRODUCTS_DIR; };
		9953F69025CC71FD00650505 /* PeacockCoreVideoSDKCodingChallengeUITests.swift */ = {isa = PBXFileReference; lastKnownFileType = sourcecode.swift; path = PeacockCoreVideoSDKCodingChallengeUITests.swift; sourceTree = "<group>"; };
		9953F69225CC71FD00650505 /* Info.plist */ = {isa = PBXFileReference; lastKnownFileType = text.plist.xml; path = Info.plist; sourceTree = "<group>"; };
/* End PBXFileReference section */

/* Begin PBXFrameworksBuildPhase section */
		9953F66D25CC71FC00650505 /* Frameworks */ = {
			isa = PBXFrameworksBuildPhase;
			buildActionMask = 2147483647;
			files = (
			);
			runOnlyForDeploymentPostprocessing = 0;
		};
		9953F67E25CC71FD00650505 /* Frameworks */ = {
			isa = PBXFrameworksBuildPhase;
			buildActionMask = 2147483647;
			files = (
			);
			runOnlyForDeploymentPostprocessing = 0;
		};
		9953F68925CC71FD00650505 /* Frameworks */ = {
			isa = PBXFrameworksBuildPhase;
			buildActionMask = 2147483647;
			files = (
			);
			runOnlyForDeploymentPostprocessing = 0;
		};
/* End PBXFrameworksBuildPhase section */

/* Begin PBXGroup section */
		9953F66725CC71FC00650505 = {
			isa = PBXGroup;
			children = (
				9953F67225CC71FC00650505 /* PeacockCoreVideoSDKCodingChallenge */,
				9953F68425CC71FD00650505 /* PeacockCoreVideoSDKCodingChallengeTests */,
				9953F68F25CC71FD00650505 /* PeacockCoreVideoSDKCodingChallengeUITests */,
				9953F67125CC71FC00650505 /* Products */,
			);
			sourceTree = "<group>";
		};
		9953F67125CC71FC00650505 /* Products */ = {
			isa = PBXGroup;
			children = (
				9953F67025CC71FC00650505 /* PeacockCoreVideoSDKCodingChallenge.app */,
				9953F68125CC71FD00650505 /* PeacockCoreVideoSDKCodingChallengeTests.xctest */,
				9953F68C25CC71FD00650505 /* PeacockCoreVideoSDKCodingChallengeUITests.xctest */,
			);
			name = Products;
			sourceTree = "<group>";
		};
		9953F67225CC71FC00650505 /* PeacockCoreVideoSDKCodingChallenge */ = {
			isa = PBXGroup;
			children = (
				9953F67325CC71FC00650505 /* PeacockCoreVideoSDKCodingChallengeApp.swift */,
				9953F67525CC71FC00650505 /* ContentView.swift */,
				9953F67725CC71FD00650505 /* Assets.xcassets */,
				9953F67C25CC71FD00650505 /* Info.plist */,
				9953F67925CC71FD00650505 /* Preview Content */,
			);
			path = PeacockCoreVideoSDKCodingChallenge;
			sourceTree = "<group>";
		};
		9953F67925CC71FD00650505 /* Preview Content */ = {
			isa = PBXGroup;
			children = (
				9953F67A25CC71FD00650505 /* Preview Assets.xcassets */,
			);
			path = "Preview Content";
			sourceTree = "<group>";
		};
		9953F68425CC71FD00650505 /* PeacockCoreVideoSDKCodingChallengeTests */ = {
			isa = PBXGroup;
			children = (
				9953F68525CC71FD00650505 /* PeacockCoreVideoSDKCodingChallengeTests.swift */,
				9953F68725CC71FD00650505 /* Info.plist */,
			);
			path = PeacockCoreVideoSDKCodingChallengeTests;
			sourceTree = "<group>";
		};
		9953F68F25CC71FD00650505 /* PeacockCoreVideoSDKCodingChallengeUITests */ = {
			isa = PBXGroup;
			children = (
				9953F69025CC71FD00650505 /* PeacockCoreVideoSDKCodingChallengeUITests.swift */,
				9953F69225CC71FD00650505 /* Info.plist */,
			);
			path = PeacockCoreVideoSDKCodingChallengeUITests;
			sourceTree = "<group>";
		};
/* End PBXGroup section */

/* Begin PBXNativeTarget section */
		9953F66F25CC71FC00650505 /* PeacockCoreVideoSDKCodingChallenge */ = {
			isa = PBXNativeTarget;
			buildConfigurationList = 9953F69525CC71FD00650505 /* Build configuration list for PBXNativeTarget "PeacockCoreVideoSDKCodingChallenge" */;
			buildPhases = (
				9953F66C25CC71FC00650505 /* Sources */,
				9953F66D25CC71FC00650505 /* Frameworks */,
				9953F66E25CC71FC00650505 /* Resources */,
			);
			buildRules = (
			);
			dependencies = (
			);
			name = PeacockCoreVideoSDKCodingChallenge;
			productName = PeacockCoreVideoSDKCodingChallenge;
			productReference = 9953F67025CC71FC00650505 /* PeacockCoreVideoSDKCodingChallenge.app */;
			productType = "com.apple.product-type.application";
		};
		9953F68025CC71FD00650505 /* PeacockCoreVideoSDKCodingChallengeTests */ = {
			isa = PBXNativeTarget;
			buildConfigurationList = 9953F69825CC71FD00650505 /* Build configuration list for PBXNativeTarget "PeacockCoreVideoSDKCodingChallengeTests" */;
			buildPhases = (
				9953F67D25CC71FD00650505 /* Sources */,
				9953F67E25CC71FD00650505 /* Frameworks */,
				9953F67F25CC71FD00650505 /* Resources */,
			);
			buildRules = (
			);
			dependencies = (
				9953F68325CC71FD00650505 /* PBXTargetDependency */,
			);
			name = PeacockCoreVideoSDKCodingChallengeTests;
			productName = PeacockCoreVideoSDKCodingChallengeTests;
			productReference = 9953F68125CC71FD00650505 /* PeacockCoreVideoSDKCodingChallengeTests.xctest */;
			productType = "com.apple.product-type.bundle.unit-test";
		};
		9953F68B25CC71FD00650505 /* PeacockCoreVideoSDKCodingChallengeUITests */ = {
			isa = PBXNativeTarget;
			buildConfigurationList = 9953F69B25CC71FD00650505 /* Build configuration list for PBXNativeTarget "PeacockCoreVideoSDKCodingChallengeUITests" */;
			buildPhases = (
				9953F68825CC71FD00650505 /* Sources */,
				9953F68925CC71FD00650505 /* Frameworks */,
				9953F68A25CC71FD00650505 /* Resources */,
			);
			buildRules = (
			);
			dependencies = (
				9953F68E25CC71FD00650505 /* PBXTargetDependency */,
			);
			name = PeacockCoreVideoSDKCodingChallengeUITests;
			productName = PeacockCoreVideoSDKCodingChallengeUITests;
			productReference = 9953F68C25CC71FD00650505 /* PeacockCoreVideoSDKCodingChallengeUITests.xctest */;
			productType = "com.apple.product-type.bundle.ui-testing";
		};
/* End PBXNativeTarget section */

/* Begin PBXProject section */
		9953F66825CC71FC00650505 /* Project object */ = {
			isa = PBXProject;
			attributes = {
				LastSwiftUpdateCheck = 1200;
				LastUpgradeCheck = 1200;
				TargetAttributes = {
					9953F66F25CC71FC00650505 = {
						CreatedOnToolsVersion = 12.0;
					};
					9953F68025CC71FD00650505 = {
						CreatedOnToolsVersion = 12.0;
						TestTargetID = 9953F66F25CC71FC00650505;
					};
					9953F68B25CC71FD00650505 = {
						CreatedOnToolsVersion = 12.0;
						TestTargetID = 9953F66F25CC71FC00650505;
					};
				};
			};
			buildConfigurationList = 9953F66B25CC71FC00650505 /* Build configuration list for PBXProject "PeacockCoreVideoSDKCodingChallenge" */;
			compatibilityVersion = "Xcode 9.3";
			developmentRegion = en;
			hasScannedForEncodings = 0;
			knownRegions = (
				en,
				Base,
			);
			mainGroup = 9953F66725CC71FC00650505;
			productRefGroup = 9953F67125CC71FC00650505 /* Products */;
			projectDirPath = "";
			projectRoot = "";
			targets = (
				9953F66F25CC71FC00650505 /* PeacockCoreVideoSDKCodingChallenge */,
				9953F68025CC71FD00650505 /* PeacockCoreVideoSDKCodingChallengeTests */,
				9953F68B25CC71FD00650505 /* PeacockCoreVideoSDKCodingChallengeUITests */,
			);
		};
/* End PBXProject section */

/* Begin PBXResourcesBuildPhase section */
		9953F66E25CC71FC00650505 /* Resources */ = {
			isa = PBXResourcesBuildPhase;
			buildActionMask = 2147483647;
			files = (
				9953F67B25CC71FD00650505 /* Preview Assets.xcassets in Resources */,
				9953F67825CC71FD00650505 /* Assets.xcassets in Resources */,
			);
			runOnlyForDeploymentPostprocessing = 0;
		};
		9953F67F25CC71FD00650505 /* Resources */ = {
			isa = PBXResourcesBuildPhase;
			buildActionMask = 2147483647;
			files = (
			);
			runOnlyForDeploymentPostprocessing = 0;
		};
		9953F68A25CC71FD00650505 /* Resources */ = {
			isa = PBXResourcesBuildPhase;
			buildActionMask = 2147483647;
			files = (
			);
			runOnlyForDeploymentPostprocessing = 0;
		};
/* End PBXResourcesBuildPhase section */

/* Begin PBXSourcesBuildPhase section */
		9953F66C25CC71FC00650505 /* Sources */ = {
			isa = PBXSourcesBuildPhase;
			buildActionMask = 2147483647;
			files = (
				9953F67625CC71FC00650505 /* ContentView.swift in Sources */,
				9953F67425CC71FC00650505 /* PeacockCoreVideoSDKCodingChallengeApp.swift in Sources */,
			);
			runOnlyForDeploymentPostprocessing = 0;
		};
		9953F67D25CC71FD00650505 /* Sources */ = {
			isa = PBXSourcesBuildPhase;
			buildActionMask = 2147483647;
			files = (
				9953F68625CC71FD00650505 /* PeacockCoreVideoSDKCodingChallengeTests.swift in Sources */,
			);
			runOnlyForDeploymentPostprocessing = 0;
		};
		9953F68825CC71FD00650505 /* Sources */ = {
			isa = PBXSourcesBuildPhase;
			buildActionMask = 2147483647;
			files = (
				9953F69125CC71FD00650505 /* PeacockCoreVideoSDKCodingChallengeUITests.swift in Sources */,
			);
			runOnlyForDeploymentPostprocessing = 0;
		};
/* End PBXSourcesBuildPhase section */

/* Begin PBXTargetDependency section */
		9953F68325CC71FD00650505 /* PBXTargetDependency */ = {
			isa = PBXTargetDependency;
			target = 9953F66F25CC71FC00650505 /* PeacockCoreVideoSDKCodingChallenge */;
			targetProxy = 9953F68225CC71FD00650505 /* PBXContainerItemProxy */;
		};
		9953F68E25CC71FD00650505 /* PBXTargetDependency */ = {
			isa = PBXTargetDependency;
			target = 9953F66F25CC71FC00650505 /* PeacockCoreVideoSDKCodingChallenge */;
			targetProxy = 9953F68D25CC71FD00650505 /* PBXContainerItemProxy */;
		};
/* End PBXTargetDependency section */

/* Begin XCBuildConfiguration section */
		9953F69325CC71FD00650505 /* Debug */ = {
			isa = XCBuildConfiguration;
			buildSettings = {
				ALWAYS_SEARCH_USER_PATHS = NO;
				CLANG_ANALYZER_NONNULL = YES;
				CLANG_ANALYZER_NUMBER_OBJECT_CONVERSION = YES_AGGRESSIVE;
				CLANG_CXX_LANGUAGE_STANDARD = "gnu++14";
				CLANG_CXX_LIBRARY = "libc++";
				CLANG_ENABLE_MODULES = YES;
				CLANG_ENABLE_OBJC_ARC = YES;
				CLANG_ENABLE_OBJC_WEAK = YES;
				CLANG_WARN_BLOCK_CAPTURE_AUTORELEASING = YES;
				CLANG_WARN_BOOL_CONVERSION = YES;
				CLANG_WARN_COMMA = YES;
				CLANG_WARN_CONSTANT_CONVERSION = YES;
				CLANG_WARN_DEPRECATED_OBJC_IMPLEMENTATIONS = YES;
				CLANG_WARN_DIRECT_OBJC_ISA_USAGE = YES_ERROR;
				CLANG_WARN_DOCUMENTATION_COMMENTS = YES;
				CLANG_WARN_EMPTY_BODY = YES;
				CLANG_WARN_ENUM_CONVERSION = YES;
				CLANG_WARN_INFINITE_RECURSION = YES;
				CLANG_WARN_INT_CONVERSION = YES;
				CLANG_WARN_NON_LITERAL_NULL_CONVERSION = YES;
				CLANG_WARN_OBJC_IMPLICIT_RETAIN_SELF = YES;
				CLANG_WARN_OBJC_LITERAL_CONVERSION = YES;
				CLANG_WARN_OBJC_ROOT_CLASS = YES_ERROR;
				CLANG_WARN_QUOTED_INCLUDE_IN_FRAMEWORK_HEADER = YES;
				CLANG_WARN_RANGE_LOOP_ANALYSIS = YES;
				CLANG_WARN_STRICT_PROTOTYPES = YES;
				CLANG_WARN_SUSPICIOUS_MOVE = YES;
				CLANG_WARN_UNGUARDED_AVAILABILITY = YES_AGGRESSIVE;
				CLANG_WARN_UNREACHABLE_CODE = YES;
				CLANG_WARN__DUPLICATE_METHOD_MATCH = YES;
				COPY_PHASE_STRIP = NO;
				DEBUG_INFORMATION_FORMAT = dwarf;
				ENABLE_STRICT_OBJC_MSGSEND = YES;
				ENABLE_TESTABILITY = YES;
				GCC_C_LANGUAGE_STANDARD = gnu11;
				GCC_DYNAMIC_NO_PIC = NO;
				GCC_NO_COMMON_BLOCKS = YES;
				GCC_OPTIMIZATION_LEVEL = 0;
				GCC_PREPROCESSOR_DEFINITIONS = (
					"DEBUG=1",
					"$(inherited)",
				);
				GCC_WARN_64_TO_32_BIT_CONVERSION = YES;
				GCC_WARN_ABOUT_RETURN_TYPE = YES_ERROR;
				GCC_WARN_UNDECLARED_SELECTOR = YES;
				GCC_WARN_UNINITIALIZED_AUTOS = YES_AGGRESSIVE;
				GCC_WARN_UNUSED_FUNCTION = YES;
				GCC_WARN_UNUSED_VARIABLE = YES;
				IPHONEOS_DEPLOYMENT_TARGET = 14.0;
				MTL_ENABLE_DEBUG_INFO = INCLUDE_SOURCE;
				MTL_FAST_MATH = YES;
				ONLY_ACTIVE_ARCH = YES;
				SDKROOT = iphoneos;
				SWIFT_ACTIVE_COMPILATION_CONDITIONS = DEBUG;
				SWIFT_OPTIMIZATION_LEVEL = "-Onone";
			};
			name = Debug;
		};
		9953F69425CC71FD00650505 /* Release */ = {
			isa = XCBuildConfiguration;
			buildSettings = {
				ALWAYS_SEARCH_USER_PATHS = NO;
				CLANG_ANALYZER_NONNULL = YES;
				CLANG_ANALYZER_NUMBER_OBJECT_CONVERSION = YES_AGGRESSIVE;
				CLANG_CXX_LANGUAGE_STANDARD = "gnu++14";
				CLANG_CXX_LIBRARY = "libc++";
				CLANG_ENABLE_MODULES = YES;
				CLANG_ENABLE_OBJC_ARC = YES;
				CLANG_ENABLE_OBJC_WEAK = YES;
				CLANG_WARN_BLOCK_CAPTURE_AUTORELEASING = YES;
				CLANG_WARN_BOOL_CONVERSION = YES;
				CLANG_WARN_COMMA = YES;
				CLANG_WARN_CONSTANT_CONVERSION = YES;
				CLANG_WARN_DEPRECATED_OBJC_IMPLEMENTATIONS = YES;
				CLANG_WARN_DIRECT_OBJC_ISA_USAGE = YES_ERROR;
				CLANG_WARN_DOCUMENTATION_COMMENTS = YES;
				CLANG_WARN_EMPTY_BODY = YES;
				CLANG_WARN_ENUM_CONVERSION = YES;
				CLANG_WARN_INFINITE_RECURSION = YES;
				CLANG_WARN_INT_CONVERSION = YES;
				CLANG_WARN_NON_LITERAL_NULL_CONVERSION = YES;
				CLANG_WARN_OBJC_IMPLICIT_RETAIN_SELF = YES;
				CLANG_WARN_OBJC_LITERAL_CONVERSION = YES;
				CLANG_WARN_OBJC_ROOT_CLASS = YES_ERROR;
				CLANG_WARN_QUOTED_INCLUDE_IN_FRAMEWORK_HEADER = YES;
				CLANG_WARN_RANGE_LOOP_ANALYSIS = YES;
				CLANG_WARN_STRICT_PROTOTYPES = YES;
				CLANG_WARN_SUSPICIOUS_MOVE = YES;
				CLANG_WARN_UNGUARDED_AVAILABILITY = YES_AGGRESSIVE;
				CLANG_WARN_UNREACHABLE_CODE = YES;
				CLANG_WARN__DUPLICATE_METHOD_MATCH = YES;
				COPY_PHASE_STRIP = NO;
				DEBUG_INFORMATION_FORMAT = "dwarf-with-dsym";
				ENABLE_NS_ASSERTIONS = NO;
				ENABLE_STRICT_OBJC_MSGSEND = YES;
				GCC_C_LANGUAGE_STANDARD = gnu11;
				GCC_NO_COMMON_BLOCKS = YES;
				GCC_WARN_64_TO_32_BIT_CONVERSION = YES;
				GCC_WARN_ABOUT_RETURN_TYPE = YES_ERROR;
				GCC_WARN_UNDECLARED_SELECTOR = YES;
				GCC_WARN_UNINITIALIZED_AUTOS = YES_AGGRESSIVE;
				GCC_WARN_UNUSED_FUNCTION = YES;
				GCC_WARN_UNUSED_VARIABLE = YES;
				IPHONEOS_DEPLOYMENT_TARGET = 14.0;
				MTL_ENABLE_DEBUG_INFO = NO;
				MTL_FAST_MATH = YES;
				SDKROOT = iphoneos;
				SWIFT_COMPILATION_MODE = wholemodule;
				SWIFT_OPTIMIZATION_LEVEL = "-O";
				VALIDATE_PRODUCT = YES;
			};
			name = Release;
		};
		9953F69625CC71FD00650505 /* Debug */ = {
			isa = XCBuildConfiguration;
			buildSettings = {
				ASSETCATALOG_COMPILER_APPICON_NAME = AppIcon;
				ASSETCATALOG_COMPILER_GLOBAL_ACCENT_COLOR_NAME = AccentColor;
				CODE_SIGN_STYLE = Automatic;
				DEVELOPMENT_ASSET_PATHS = "\"PeacockCoreVideoSDKCodingChallenge/Preview Content\"";
				ENABLE_PREVIEWS = YES;
				INFOPLIST_FILE = PeacockCoreVideoSDKCodingChallenge/Info.plist;
				IPHONEOS_DEPLOYMENT_TARGET = 14.0;
				LD_RUNPATH_SEARCH_PATHS = (
					"$(inherited)",
					"@executable_path/Frameworks",
				);
				PRODUCT_BUNDLE_IDENTIFIER = com.DanielSpady.PeacockCoreVideoSDKCodingChallenge;
				PRODUCT_NAME = "$(TARGET_NAME)";
				SWIFT_VERSION = 5.0;
				TARGETED_DEVICE_FAMILY = "1,2";
			};
			name = Debug;
		};
		9953F69725CC71FD00650505 /* Release */ = {
			isa = XCBuildConfiguration;
			buildSettings = {
				ASSETCATALOG_COMPILER_APPICON_NAME = AppIcon;
				ASSETCATALOG_COMPILER_GLOBAL_ACCENT_COLOR_NAME = AccentColor;
				CODE_SIGN_STYLE = Automatic;
				DEVELOPMENT_ASSET_PATHS = "\"PeacockCoreVideoSDKCodingChallenge/Preview Content\"";
				ENABLE_PREVIEWS = YES;
				INFOPLIST_FILE = PeacockCoreVideoSDKCodingChallenge/Info.plist;
				IPHONEOS_DEPLOYMENT_TARGET = 14.0;
				LD_RUNPATH_SEARCH_PATHS = (
					"$(inherited)",
					"@executable_path/Frameworks",
				);
				PRODUCT_BUNDLE_IDENTIFIER = com.DanielSpady.PeacockCoreVideoSDKCodingChallenge;
				PRODUCT_NAME = "$(TARGET_NAME)";
				SWIFT_VERSION = 5.0;
				TARGETED_DEVICE_FAMILY = "1,2";
			};
			name = Release;
		};
		9953F69925CC71FD00650505 /* Debug */ = {
			isa = XCBuildConfiguration;
			buildSettings = {
				ALWAYS_EMBED_SWIFT_STANDARD_LIBRARIES = YES;
				BUNDLE_LOADER = "$(TEST_HOST)";
				CODE_SIGN_STYLE = Automatic;
				INFOPLIST_FILE = PeacockCoreVideoSDKCodingChallengeTests/Info.plist;
				IPHONEOS_DEPLOYMENT_TARGET = 14.0;
				LD_RUNPATH_SEARCH_PATHS = (
					"$(inherited)",
					"@executable_path/Frameworks",
					"@loader_path/Frameworks",
				);
				PRODUCT_BUNDLE_IDENTIFIER = com.DanielSpady.PeacockCoreVideoSDKCodingChallengeTests;
				PRODUCT_NAME = "$(TARGET_NAME)";
				SWIFT_VERSION = 5.0;
				TARGETED_DEVICE_FAMILY = "1,2";
				TEST_HOST = "$(BUILT_PRODUCTS_DIR)/PeacockCoreVideoSDKCodingChallenge.app/PeacockCoreVideoSDKCodingChallenge";
			};
			name = Debug;
		};
		9953F69A25CC71FD00650505 /* Release */ = {
			isa = XCBuildConfiguration;
			buildSettings = {
				ALWAYS_EMBED_SWIFT_STANDARD_LIBRARIES = YES;
				BUNDLE_LOADER = "$(TEST_HOST)";
				CODE_SIGN_STYLE = Automatic;
				INFOPLIST_FILE = PeacockCoreVideoSDKCodingChallengeTests/Info.plist;
				IPHONEOS_DEPLOYMENT_TARGET = 14.0;
				LD_RUNPATH_SEARCH_PATHS = (
					"$(inherited)",
					"@executable_path/Frameworks",
					"@loader_path/Frameworks",
				);
				PRODUCT_BUNDLE_IDENTIFIER = com.DanielSpady.PeacockCoreVideoSDKCodingChallengeTests;
				PRODUCT_NAME = "$(TARGET_NAME)";
				SWIFT_VERSION = 5.0;
				TARGETED_DEVICE_FAMILY = "1,2";
				TEST_HOST = "$(BUILT_PRODUCTS_DIR)/PeacockCoreVideoSDKCodingChallenge.app/PeacockCoreVideoSDKCodingChallenge";
			};
			name = Release;
		};
		9953F69C25CC71FD00650505 /* Debug */ = {
			isa = XCBuildConfiguration;
			buildSettings = {
				ALWAYS_EMBED_SWIFT_STANDARD_LIBRARIES = YES;
				CODE_SIGN_STYLE = Automatic;
				INFOPLIST_FILE = PeacockCoreVideoSDKCodingChallengeUITests/Info.plist;
				LD_RUNPATH_SEARCH_PATHS = (
					"$(inherited)",
					"@executable_path/Frameworks",
					"@loader_path/Frameworks",
				);
				PRODUCT_BUNDLE_IDENTIFIER = com.DanielSpady.PeacockCoreVideoSDKCodingChallengeUITests;
				PRODUCT_NAME = "$(TARGET_NAME)";
				SWIFT_VERSION = 5.0;
				TARGETED_DEVICE_FAMILY = "1,2";
				TEST_TARGET_NAME = PeacockCoreVideoSDKCodingChallenge;
			};
			name = Debug;
		};
		9953F69D25CC71FD00650505 /* Release */ = {
			isa = XCBuildConfiguration;
			buildSettings = {
				ALWAYS_EMBED_SWIFT_STANDARD_LIBRARIES = YES;
				CODE_SIGN_STYLE = Automatic;
				INFOPLIST_FILE = PeacockCoreVideoSDKCodingChallengeUITests/Info.plist;
				LD_RUNPATH_SEARCH_PATHS = (
					"$(inherited)",
					"@executable_path/Frameworks",
					"@loader_path/Frameworks",
				);
				PRODUCT_BUNDLE_IDENTIFIER = com.DanielSpady.PeacockCoreVideoSDKCodingChallengeUITests;
				PRODUCT_NAME = "$(TARGET_NAME)";
				SWIFT_VERSION = 5.0;
				TARGETED_DEVICE_FAMILY = "1,2";
				TEST_TARGET_NAME = PeacockCoreVideoSDKCodingChallenge;
			};
			name = Release;
		};
/* End XCBuildConfiguration section */

/* Begin XCConfigurationList section */
		9953F66B25CC71FC00650505 /* Build configuration list for PBXProject "PeacockCoreVideoSDKCodingChallenge" */ = {
			isa = XCConfigurationList;
			buildConfigurations = (
				9953F69325CC71FD00650505 /* Debug */,
				9953F69425CC71FD00650505 /* Release */,
			);
			defaultConfigurationIsVisible = 0;
			defaultConfigurationName = Release;
		};
		9953F69525CC71FD00650505 /* Build configuration list for PBXNativeTarget "PeacockCoreVideoSDKCodingChallenge" */ = {
			isa = XCConfigurationList;
			buildConfigurations = (
				9953F69625CC71FD00650505 /* Debug */,
				9953F69725CC71FD00650505 /* Release */,
			);
			defaultConfigurationIsVisible = 0;
			defaultConfigurationName = Release;
		};
		9953F69825CC71FD00650505 /* Build configuration list for PBXNativeTarget "PeacockCoreVideoSDKCodingChallengeTests" */ = {
			isa = XCConfigurationList;
			buildConfigurations = (
				9953F69925CC71FD00650505 /* Debug */,
				9953F69A25CC71FD00650505 /* Release */,
			);
			defaultConfigurationIsVisible = 0;
			defaultConfigurationName = Release;
		};
		9953F69B25CC71FD00650505 /* Build configuration list for PBXNativeTarget "PeacockCoreVideoSDKCodingChallengeUITests" */ = {
			isa = XCConfigurationList;
			buildConfigurations = (
				9953F69C25CC71FD00650505 /* Debug */,
				9953F69D25CC71FD00650505 /* Release */,
			);
			defaultConfigurationIsVisible = 0;
			defaultConfigurationName = Release;
		};
/* End XCConfigurationList section */
	};
	rootObject = 9953F66825CC71FC00650505 /* Project object */;
}
